github.com/go-ego/gse v0.80.2 h1:3LRfkaBuwlsHsmkOZvnhTcsYPXUAhiP06Sqcid7mO1M=
github.com/go-ego/gse v0.80.2/go.mod h1:kesekpZfcFQ/kwd9b27VZHUOH5dQUjaaQUZ4OGt4Hj4=
github.com/mattn/go-sqlite3 v1.14.32 h1:JD12Ag3oLy1zQA+BNn74xRgaBbdhbNIDYvQUEuuErjs=
github.com/mattn/go-sqlite3 v1.14.32/go.mod h1:Uh1q+B4BYcTPb+yiD3kU8Ct7aC0hY9fxUwlHK0RXw+Y=
github.com/vcaesar/cedar v0.20.1 h1:cDOmYWdprO7ZW8cngJrDi8Zivnscj9dA/y8Y+2SB1P0=
github.com/vcaesar/cedar v0.20.1/go.mod h1:iMDweyuW76RvSrCkQeZeQk4iCbshiPzcCvcGCtpM7iI=
github.com/vcaesar/tt v0.20.0 h1:9t2Ycb9RNHcP0WgQgIaRKJBB+FrRdejuaL6uWIHuoBA=
github.com/vcaesar/tt v0.20.0/go.mod h1:GHPxQYhn+7OgKakRusH7KJ0M5MhywoeLb8Fcffs/Gtg=
golang.org/x/crypto v0.15.0 h1:frVn1TEaCEaZcn3Tmd7Y2b5KKPaZ+I32Q2OA3kYp5TA=
golang.org/x/crypto v0.15.0/go.mod h1:4ChreQoLWfG3xLDer1WdlH5NdlQ3+mwnQq1YTKY+72g=
